
Microsoft Visual Studio Solution File, Format Version 12.00
# Visual Studio 15
VisualStudioVersion = 15.0.27004.2010
MinimumVisualStudioVersion = 10.0.40219.1
Project("{FAE04EC0-301F-11D3-BF4B-00C04F79EFBC}") = "Lab10", "Lab10\Lab10.csproj", "{4CD1A9B4-BDA7-410F-904A-D05A3583029E}"
EndProject
Global
	GlobalSection(SolutionConfigurationPlatforms) = preSolution
		Debug|Any CPU = Debug|Any CPU
		Release|Any CPU = Release|Any CPU
	EndGlobalSection
	GlobalSection(ProjectConfigurationPlatforms) = postSolution
		{4CD1A9B4-BDA7-410F-904A-D05A3583029E}.Debug|Any CPU.ActiveCfg = Debug|Any CPU
		{4CD1A9B4-BDA7-410F-904A-D05A3583029E}.Debug|Any CPU.Build.0 = Debug|Any CPU
		{4CD1A9B4-BDA7-410F-904A-D05A3583029E}.Release|Any CPU.ActiveCfg = Release|Any CPU
		{4CD1A9B4-BDA7-410F-904A-D05A3583029E}.Release|Any CPU.Build.0 = Release|Any CPU
	EndGlobalSection
	GlobalSection(SolutionProperties) = preSolution
		HideSolutionNode = FALSE
	EndGlobalSection
	GlobalSection(ExtensibilityGlobals) = postSolution
		SolutionGuid = {DAA857E8-5CBC-47F6-864C-A2E8B465C89F}
	EndGlobalSection
EndGlobal
